// !$*UTF8*$!
{
	archiveVersion = 1;
	classes = {
	};
	objectVersion = 51;
	objects = {

/* Begin PBXBuildFile section */
		7CC78EE4658B70143463EE18 /* Pods_News.framework in Frameworks */ = {isa = PBXBuildFile; fileRef = 8784FE7AF764700F643AE681 /* Pods_News.framework */; };
		F955D08024B701F500CD8031 /* AppDelegate.swift in Sources */ = {isa = PBXBuildFile; fileRef = F955D07F24B701F500CD8031 /* AppDelegate.swift */; };
		F955D08724B701F500CD8031 /* Main.storyboard in Resources */ = {isa = PBXBuildFile; fileRef = F955D08524B701F500CD8031 /* Main.storyboard */; };
		F955D08924B701F600CD8031 /* Assets.xcassets in Resources */ = {isa = PBXBuildFile; fileRef = F955D08824B701F600CD8031 /* Assets.xcassets */; };
		F955D08C24B701F600CD8031 /* LaunchScreen.storyboard in Resources */ = {isa = PBXBuildFile; fileRef = F955D08A24B701F600CD8031 /* LaunchScreen.storyboard */; };
		F955D09424B7099100CD8031 /* NewsViewController.swift in Sources */ = {isa = PBXBuildFile; fileRef = F955D09324B7099100CD8031 /* NewsViewController.swift */; };
		F955D09724B70A6500CD8031 /* NewsTableViewCell.swift in Sources */ = {isa = PBXBuildFile; fileRef = F955D09624B70A6500CD8031 /* NewsTableViewCell.swift */; };
		F955D09924B70AA300CD8031 /* NewsTableViewCell.xib in Resources */ = {isa = PBXBuildFile; fileRef = F955D09824B70AA300CD8031 /* NewsTableViewCell.xib */; };
		F955D09B24B712E500CD8031 /* News.swift in Sources */ = {isa = PBXBuildFile; fileRef = F955D09A24B712E500CD8031 /* News.swift */; };
		F955D0A124B714E800CD8031 /* News+Mapping.swift in Sources */ = {isa = PBXBuildFile; fileRef = F955D0A024B714E800CD8031 /* News+Mapping.swift */; };
		F955D0A824B7259900CD8031 /* NetworkManager.swift in Sources */ = {isa = PBXBuildFile; fileRef = F955D0A724B7259900CD8031 /* NetworkManager.swift */; };
		F955D0AA24B72A7600CD8031 /* NewsAPIRouter.swift in Sources */ = {isa = PBXBuildFile; fileRef = F955D0A924B72A7600CD8031 /* NewsAPIRouter.swift */; };
		F955D0AC24B758E600CD8031 /* Articles.swift in Sources */ = {isa = PBXBuildFile; fileRef = F955D0AB24B758E600CD8031 /* Articles.swift */; };
		F955D0AE24B760B600CD8031 /* Articles+Mapping.swift in Sources */ = {isa = PBXBuildFile; fileRef = F955D0AD24B760B600CD8031 /* Articles+Mapping.swift */; };
		F955D0B124B7691800CD8031 /* UILabel+Extensions.swift in Sources */ = {isa = PBXBuildFile; fileRef = F955D0B024B7691800CD8031 /* UILabel+Extensions.swift */; };
		F955D0B324B78D4000CD8031 /* UIImageView+Extensions.swift in Sources */ = {isa = PBXBuildFile; fileRef = F955D0B224B78D4000CD8031 /* UIImageView+Extensions.swift */; };
		F955D0B524B7AF6A00CD8031 /* Readme.md in Resources */ = {isa = PBXBuildFile; fileRef = F955D0B424B7AF6A00CD8031 /* Readme.md */; };
/* End PBXBuildFile section */

/* Begin PBXFileReference section */
		355850770AD0D1FBA7B60B06 /* Pods-News.release.xcconfig */ = {isa = PBXFileReference; includeInIndex = 1; lastKnownFileType = text.xcconfig; name = "Pods-News.release.xcconfig"; path = "Target Support Files/Pods-News/Pods-News.release.xcconfig"; sourceTree = "<group>"; };
		53666B9B1B0AA271F7E98BD8 /* Pods-News.debug.xcconfig */ = {isa = PBXFileReference; includeInIndex = 1; lastKnownFileType = text.xcconfig; name = "Pods-News.debug.xcconfig"; path = "Target Support Files/Pods-News/Pods-News.debug.xcconfig"; sourceTree = "<group>"; };
		8784FE7AF764700F643AE681 /* Pods_News.framework */ = {isa = PBXFileReference; explicitFileType = wrapper.framework; includeInIndex = 0; path = Pods_News.framework; sourceTree = BUILT_PRODUCTS_DIR; };
		F955D07C24B701F500CD8031 /* News.app */ = {isa = PBXFileReference; explicitFileType = wrapper.application; includeInIndex = 0; path = News.app; sourceTree = BUILT_PRODUCTS_DIR; };
		F955D07F24B701F500CD8031 /* AppDelegate.swift */ = {isa = PBXFileReference; lastKnownFileType = sourcecode.swift; path = AppDelegate.swift; sourceTree = "<group>"; };
		F955D08624B701F500CD8031 /* Base */ = {isa = PBXFileReference; lastKnownFileType = file.storyboard; name = Base; path = Base.lproj/Main.storyboard; sourceTree = "<group>"; };
		F955D08824B701F600CD8031 /* Assets.xcassets */ = {isa = PBXFileReference; lastKnownFileType = folder.assetcatalog; path = Assets.xcassets; sourceTree = "<group>"; };
		F955D08B24B701F600CD8031 /* Base */ = {isa = PBXFileReference; lastKnownFileType = file.storyboard; name = Base; path = Base.lproj/LaunchScreen.storyboard; sourceTree = "<group>"; };
		F955D08D24B701F600CD8031 /* Info.plist */ = {isa = PBXFileReference; lastKnownFileType = text.plist.xml; path = Info.plist; sourceTree = "<group>"; };
		F955D09324B7099100CD8031 /* NewsViewController.swift */ = {isa = PBXFileReference; lastKnownFileType = sourcecode.swift; path = NewsViewController.swift; sourceTree = "<group>"; };
		F955D09624B70A6500CD8031 /* NewsTableViewCell.swift */ = {isa = PBXFileReference; lastKnownFileType = sourcecode.swift; path = NewsTableViewCell.swift; sourceTree = "<group>"; };
		F955D09824B70AA300CD8031 /* NewsTableViewCell.xib */ = {isa = PBXFileReference; lastKnownFileType = file.xib; path = NewsTableViewCell.xib; sourceTree = "<group>"; };
		F955D09A24B712E500CD8031 /* News.swift */ = {isa = PBXFileReference; lastKnownFileType = sourcecode.swift; path = News.swift; sourceTree = "<group>"; };
		F955D0A024B714E800CD8031 /* News+Mapping.swift */ = {isa = PBXFileReference; lastKnownFileType = sourcecode.swift; path = "News+Mapping.swift"; sourceTree = "<group>"; };
		F955D0A724B7259900CD8031 /* NetworkManager.swift */ = {isa = PBXFileReference; lastKnownFileType = sourcecode.swift; path = NetworkManager.swift; sourceTree = "<group>"; };
		F955D0A924B72A7600CD8031 /* NewsAPIRouter.swift */ = {isa = PBXFileReference; lastKnownFileType = sourcecode.swift; path = NewsAPIRouter.swift; sourceTree = "<group>"; };
		F955D0AB24B758E600CD8031 /* Articles.swift */ = {isa = PBXFileReference; lastKnownFileType = sourcecode.swift; path = Articles.swift; sourceTree = "<group>"; };
		F955D0AD24B760B600CD8031 /* Articles+Mapping.swift */ = {isa = PBXFileReference; lastKnownFileType = sourcecode.swift; path = "Articles+Mapping.swift"; sourceTree = "<group>"; };
		F955D0B024B7691800CD8031 /* UILabel+Extensions.swift */ = {isa = PBXFileReference; lastKnownFileType = sourcecode.swift; path = "UILabel+Extensions.swift"; sourceTree = "<group>"; };
		F955D0B224B78D4000CD8031 /* UIImageView+Extensions.swift */ = {isa = PBXFileReference; lastKnownFileType = sourcecode.swift; path = "UIImageView+Extensions.swift"; sourceTree = "<group>"; };
		F955D0B424B7AF6A00CD8031 /* Readme.md */ = {isa = PBXFileReference; lastKnownFileType = net.daringfireball.markdown; path = Readme.md; sourceTree = "<group>"; };
/* End PBXFileReference section */

/* Begin PBXFrameworksBuildPhase section */
		F955D07924B701F500CD8031 /* Frameworks */ = {
			isa = PBXFrameworksBuildPhase;
			buildActionMask = 2147483647;
			files = (
				7CC78EE4658B70143463EE18 /* Pods_News.framework in Frameworks */,
			);
			runOnlyForDeploymentPostprocessing = 0;
		};
/* End PBXFrameworksBuildPhase section */

/* Begin PBXGroup section */
		12B723D8B87D087318674DC8 /* Frameworks */ = {
			isa = PBXGroup;
			children = (
				8784FE7AF764700F643AE681 /* Pods_News.framework */,
			);
			name = Frameworks;
			sourceTree = "<group>";
		};
		5C2F6FF0092544751B3AADCB /* Pods */ = {
			isa = PBXGroup;
			children = (
				53666B9B1B0AA271F7E98BD8 /* Pods-News.debug.xcconfig */,
				355850770AD0D1FBA7B60B06 /* Pods-News.release.xcconfig */,
			);
			path = Pods;
			sourceTree = "<group>";
		};
		F955D07324B701F500CD8031 = {
			isa = PBXGroup;
			children = (
				F955D0B424B7AF6A00CD8031 /* Readme.md */,
				F955D07E24B701F500CD8031 /* News */,
				F955D07D24B701F500CD8031 /* Products */,
				5C2F6FF0092544751B3AADCB /* Pods */,
				12B723D8B87D087318674DC8 /* Frameworks */,
			);
			sourceTree = "<group>";
		};
		F955D07D24B701F500CD8031 /* Products */ = {
			isa = PBXGroup;
			children = (
				F955D07C24B701F500CD8031 /* News.app */,
			);
			name = Products;
			sourceTree = "<group>";
		};
		F955D07E24B701F500CD8031 /* News */ = {
			isa = PBXGroup;
			children = (
				F955D07F24B701F500CD8031 /* AppDelegate.swift */,
				F955D09324B7099100CD8031 /* NewsViewController.swift */,
				F955D08524B701F500CD8031 /* Main.storyboard */,
				F955D09524B70A4000CD8031 /* Cells */,
				F955D09C24B7139C00CD8031 /* Models */,
				F955D09D24B7146A00CD8031 /* NetworkPlatform */,
				F955D0AF24B768FF00CD8031 /* Extensions */,
				F955D08824B701F600CD8031 /* Assets.xcassets */,
				F955D08A24B701F600CD8031 /* LaunchScreen.storyboard */,
				F955D08D24B701F600CD8031 /* Info.plist */,
			);
			path = News;
			sourceTree = "<group>";
		};
		F955D09524B70A4000CD8031 /* Cells */ = {
			isa = PBXGroup;
			children = (
				F955D09624B70A6500CD8031 /* NewsTableViewCell.swift */,
				F955D09824B70AA300CD8031 /* NewsTableViewCell.xib */,
			);
			path = Cells;
			sourceTree = "<group>";
		};
		F955D09C24B7139C00CD8031 /* Models */ = {
			isa = PBXGroup;
			children = (
				F955D09A24B712E500CD8031 /* News.swift */,
				F955D0AB24B758E600CD8031 /* Articles.swift */,
			);
			path = Models;
			sourceTree = "<group>";
		};
		F955D09D24B7146A00CD8031 /* NetworkPlatform */ = {
			isa = PBXGroup;
			children = (
				F955D09F24B7147F00CD8031 /* API */,
				F955D09E24B7147800CD8031 /* Mappers */,
				F955D0A724B7259900CD8031 /* NetworkManager.swift */,
			);
			path = NetworkPlatform;
			sourceTree = "<group>";
		};
		F955D09E24B7147800CD8031 /* Mappers */ = {
			isa = PBXGroup;
			children = (
				F955D0AD24B760B600CD8031 /* Articles+Mapping.swift */,
				F955D0A024B714E800CD8031 /* News+Mapping.swift */,
			);
			path = Mappers;
			sourceTree = "<group>";
		};
		F955D09F24B7147F00CD8031 /* API */ = {
			isa = PBXGroup;
			children = (
				F955D0A924B72A7600CD8031 /* NewsAPIRouter.swift */,
			);
			path = API;
			sourceTree = "<group>";
		};
		F955D0AF24B768FF00CD8031 /* Extensions */ = {
			isa = PBXGroup;
			children = (
				F955D0B024B7691800CD8031 /* UILabel+Extensions.swift */,
				F955D0B224B78D4000CD8031 /* UIImageView+Extensions.swift */,
			);
			path = Extensions;
			sourceTree = "<group>";
		};
/* End PBXGroup section */

/* Begin PBXNativeTarget section */
		F955D07B24B701F500CD8031 /* News */ = {
			isa = PBXNativeTarget;
			buildConfigurationList = F955D09024B701F600CD8031 /* Build configuration list for PBXNativeTarget "News" */;
			buildPhases = (
				816092858EA9ABBF29B28ED6 /* [CP] Check Pods Manifest.lock */,
				F955D07824B701F500CD8031 /* Sources */,
				F955D07924B701F500CD8031 /* Frameworks */,
				F955D07A24B701F500CD8031 /* Resources */,
				F22196064201D9C33E7CC8E8 /* [CP] Embed Pods Frameworks */,
			);
			buildRules = (
			);
			dependencies = (
			);
			name = News;
			productName = News;
			productReference = F955D07C24B701F500CD8031 /* News.app */;
			productType = "com.apple.product-type.application";
		};
/* End PBXNativeTarget section */

/* Begin PBXProject section */
		F955D07424B701F500CD8031 /* Project object */ = {
			isa = PBXProject;
			attributes = {
				LastSwiftUpdateCheck = 1150;
				LastUpgradeCheck = 1150;
				ORGANIZATIONNAME = "Viachaslau Holikau";
				TargetAttributes = {
					F955D07B24B701F500CD8031 = {
						CreatedOnToolsVersion = 11.5;
					};
				};
			};
			buildConfigurationList = F955D07724B701F500CD8031 /* Build configuration list for PBXProject "News" */;
			compatibilityVersion = "Xcode 9.3";
			developmentRegion = en;
			hasScannedForEncodings = 0;
			knownRegions = (
				en,
				Base,
			);
			mainGroup = F955D07324B701F500CD8031;
			productRefGroup = F955D07D24B701F500CD8031 /* Products */;
			projectDirPath = "";
			projectRoot = "";
			targets = (
				F955D07B24B701F500CD8031 /* News */,
			);
		};
/* End PBXProject section */

/* Begin PBXResourcesBuildPhase section */
		F955D07A24B701F500CD8031 /* Resources */ = {
			isa = PBXResourcesBuildPhase;
			buildActionMask = 2147483647;
			files = (
				F955D0B524B7AF6A00CD8031 /* Readme.md in Resources */,
				F955D08C24B701F600CD8031 /* LaunchScreen.storyboard in Resources */,
				F955D08924B701F600CD8031 /* Assets.xcassets in Resources */,
				F955D09924B70AA300CD8031 /* NewsTableViewCell.xib in Resources */,
				F955D08724B701F500CD8031 /* Main.storyboard in Resources */,
			);
			runOnlyForDeploymentPostprocessing = 0;
		};
/* End PBXResourcesBuildPhase section */

/* Begin PBXShellScriptBuildPhase section */
		816092858EA9ABBF29B28ED6 /* [CP] Check Pods Manifest.lock */ = {
			isa = PBXShellScriptBuildPhase;
			buildActionMask = 2147483647;
			files = (
			);
			inputFileListPaths = (
			);
			inputPaths = (
				"${PODS_PODFILE_DIR_PATH}/Podfile.lock",
				"${PODS_ROOT}/Manifest.lock",
			);
			name = "[CP] Check Pods Manifest.lock";
			outputFileListPaths = (
			);
			outputPaths = (
				"$(DERIVED_FILE_DIR)/Pods-News-checkManifestLockResult.txt",
			);
			runOnlyForDeploymentPostprocessing = 0;
			shellPath = /bin/sh;
			shellScript = "diff \"${PODS_PODFILE_DIR_PATH}/Podfile.lock\" \"${PODS_ROOT}/Manifest.lock\" > /dev/null\nif [ $? != 0 ] ; then\n    # print error to STDERR\n    echo \"error: The sandbox is not in sync with the Podfile.lock. Run 'pod install' or update your CocoaPods installation.\" >&2\n    exit 1\nfi\n# This output is used by Xcode 'outputs' to avoid re-running this script phase.\necho \"SUCCESS\" > \"${SCRIPT_OUTPUT_FILE_0}\"\n";
			showEnvVarsInLog = 0;
		};
		F22196064201D9C33E7CC8E8 /* [CP] Embed Pods Frameworks */ = {
			isa = PBXShellScriptBuildPhase;
			buildActionMask = 2147483647;
			files = (
			);
			inputFileListPaths = (
				"${PODS_ROOT}/Target Support Files/Pods-News/Pods-News-frameworks-${CONFIGURATION}-input-files.xcfilelist",
			);
			name = "[CP] Embed Pods Frameworks";
			outputFileListPaths = (
				"${PODS_ROOT}/Target Support Files/Pods-News/Pods-News-frameworks-${CONFIGURATION}-output-files.xcfilelist",
			);
			runOnlyForDeploymentPostprocessing = 0;
			shellPath = /bin/sh;
			shellScript = "\"${PODS_ROOT}/Target Support Files/Pods-News/Pods-News-frameworks.sh\"\n";
			showEnvVarsInLog = 0;
		};
/* End PBXShellScriptBuildPhase section */

/* Begin PBXSourcesBuildPhase section */
		F955D07824B701F500CD8031 /* Sources */ = {
			isa = PBXSourcesBuildPhase;
			buildActionMask = 2147483647;
			files = (
				F955D0AC24B758E600CD8031 /* Articles.swift in Sources */,
				F955D08024B701F500CD8031 /* AppDelegate.swift in Sources */,
				F955D0B324B78D4000CD8031 /* UIImageView+Extensions.swift in Sources */,
				F955D0A124B714E800CD8031 /* News+Mapping.swift in Sources */,
				F955D09424B7099100CD8031 /* NewsViewController.swift in Sources */,
				F955D0AA24B72A7600CD8031 /* NewsAPIRouter.swift in Sources */,
				F955D0AE24B760B600CD8031 /* Articles+Mapping.swift in Sources */,
				F955D0B124B7691800CD8031 /* UILabel+Extensions.swift in Sources */,
				F955D0A824B7259900CD8031 /* NetworkManager.swift in Sources */,
				F955D09B24B712E500CD8031 /* News.swift in Sources */,
				F955D09724B70A6500CD8031 /* NewsTableViewCell.swift in Sources */,
			);
			runOnlyForDeploymentPostprocessing = 0;
		};
/* End PBXSourcesBuildPhase section */

/* Begin PBXVariantGroup section */
		F955D08524B701F500CD8031 /* Main.storyboard */ = {
			isa = PBXVariantGroup;
			children = (
				F955D08624B701F500CD8031 /* Base */,
			);
			name = Main.storyboard;
			sourceTree = "<group>";
		};
		F955D08A24B701F600CD8031 /* LaunchScreen.storyboard */ = {
			isa = PBXVariantGroup;
			children = (
				F955D08B24B701F600CD8031 /* Base */,
			);
			name = LaunchScreen.storyboard;
			sourceTree = "<group>";
		};
/* End PBXVariantGroup section */

/* Begin XCBuildConfiguration section */
		F955D08E24B701F600CD8031 /* Debug */ = {
			isa = XCBuildConfiguration;
			buildSettings = {
				ALWAYS_SEARCH_USER_PATHS = NO;
				CLANG_ANALYZER_NONNULL = YES;
				CLANG_ANALYZER_NUMBER_OBJECT_CONVERSION = YES_AGGRESSIVE;
				CLANG_CXX_LANGUAGE_STANDARD = "gnu++14";
				CLANG_CXX_LIBRARY = "libc++";
				CLANG_ENABLE_MODULES = YES;
				CLANG_ENABLE_OBJC_ARC = YES;
				CLANG_ENABLE_OBJC_WEAK = YES;
				CLANG_WARN_BLOCK_CAPTURE_AUTORELEASING = YES;
				CLANG_WARN_BOOL_CONVERSION = YES;
				CLANG_WARN_COMMA = YES;
				CLANG_WARN_CONSTANT_CONVERSION = YES;
				CLANG_WARN_DEPRECATED_OBJC_IMPLEMENTATIONS = YES;
				CLANG_WARN_DIRECT_OBJC_ISA_USAGE = YES_ERROR;
				CLANG_WARN_DOCUMENTATION_COMMENTS = YES;
				CLANG_WARN_EMPTY_BODY = YES;
				CLANG_WARN_ENUM_CONVERSION = YES;
				CLANG_WARN_INFINITE_RECURSION = YES;
				CLANG_WARN_INT_CONVERSION = YES;
				CLANG_WARN_NON_LITERAL_NULL_CONVERSION = YES;
				CLANG_WARN_OBJC_IMPLICIT_RETAIN_SELF = YES;
				CLANG_WARN_OBJC_LITERAL_CONVERSION = YES;
				CLANG_WARN_OBJC_ROOT_CLASS = YES_ERROR;
				CLANG_WARN_RANGE_LOOP_ANALYSIS = YES;
				CLANG_WARN_STRICT_PROTOTYPES = YES;
				CLANG_WARN_SUSPICIOUS_MOVE = YES;
				CLANG_WARN_UNGUARDED_AVAILABILITY = YES_AGGRESSIVE;
				CLANG_WARN_UNREACHABLE_CODE = YES;
				CLANG_WARN__DUPLICATE_METHOD_MATCH = YES;
				COPY_PHASE_STRIP = NO;
				DEBUG_INFORMATION_FORMAT = dwarf;
				ENABLE_STRICT_OBJC_MSGSEND = YES;
				ENABLE_TESTABILITY = YES;
				GCC_C_LANGUAGE_STANDARD = gnu11;
				GCC_DYNAMIC_NO_PIC = NO;
				GCC_NO_COMMON_BLOCKS = YES;
				GCC_OPTIMIZATION_LEVEL = 0;
				GCC_PREPROCESSOR_DEFINITIONS = (
					"DEBUG=1",
					"$(inherited)",
				);
				GCC_WARN_64_TO_32_BIT_CONVERSION = YES;
				GCC_WARN_ABOUT_RETURN_TYPE = YES_ERROR;
				GCC_WARN_UNDECLARED_SELECTOR = YES;
				GCC_WARN_UNINITIALIZED_AUTOS = YES_AGGRESSIVE;
				GCC_WARN_UNUSED_FUNCTION = YES;
				GCC_WARN_UNUSED_VARIABLE = YES;
				IPHONEOS_DEPLOYMENT_TARGET = 11.0;
				MTL_ENABLE_DEBUG_INFO = INCLUDE_SOURCE;
				MTL_FAST_MATH = YES;
				ONLY_ACTIVE_ARCH = YES;
				SDKROOT = iphoneos;
				SWIFT_ACTIVE_COMPILATION_CONDITIONS = DEBUG;
				SWIFT_OPTIMIZATION_LEVEL = "-Onone";
			};
			name = Debug;
		};
		F955D08F24B701F600CD8031 /* Release */ = {
			isa = XCBuildConfiguration;
			buildSettings = {
				ALWAYS_SEARCH_USER_PATHS = NO;
				CLANG_ANALYZER_NONNULL = YES;
				CLANG_ANALYZER_NUMBER_OBJECT_CONVERSION = YES_AGGRESSIVE;
				CLANG_CXX_LANGUAGE_STANDARD = "gnu++14";
				CLANG_CXX_LIBRARY = "libc++";
				CLANG_ENABLE_MODULES = YES;
				CLANG_ENABLE_OBJC_ARC = YES;
				CLANG_ENABLE_OBJC_WEAK = YES;
				CLANG_WARN_BLOCK_CAPTURE_AUTORELEASING = YES;
				CLANG_WARN_BOOL_CONVERSION = YES;
				CLANG_WARN_COMMA = YES;
				CLANG_WARN_CONSTANT_CONVERSION = YES;
				CLANG_WARN_DEPRECATED_OBJC_IMPLEMENTATIONS = YES;
				CLANG_WARN_DIRECT_OBJC_ISA_USAGE = YES_ERROR;
				CLANG_WARN_DOCUMENTATION_COMMENTS = YES;
				CLANG_WARN_EMPTY_BODY = YES;
				CLANG_WARN_ENUM_CONVERSION = YES;
				CLANG_WARN_INFINITE_RECURSION = YES;
				CLANG_WARN_INT_CONVERSION = YES;
				CLANG_WARN_NON_LITERAL_NULL_CONVERSION = YES;
				CLANG_WARN_OBJC_IMPLICIT_RETAIN_SELF = YES;
				CLANG_WARN_OBJC_LITERAL_CONVERSION = YES;
				CLANG_WARN_OBJC_ROOT_CLASS = YES_ERROR;
				CLANG_WARN_RANGE_LOOP_ANALYSIS = YES;
				CLANG_WARN_STRICT_PROTOTYPES = YES;
				CLANG_WARN_SUSPICIOUS_MOVE = YES;
				CLANG_WARN_UNGUARDED_AVAILABILITY = YES_AGGRESSIVE;
				CLANG_WARN_UNREACHABLE_CODE = YES;
				CLANG_WARN__DUPLICATE_METHOD_MATCH = YES;
				COPY_PHASE_STRIP = NO;
				DEBUG_INFORMATION_FORMAT = "dwarf-with-dsym";
				ENABLE_NS_ASSERTIONS = NO;
				ENABLE_STRICT_OBJC_MSGSEND = YES;
				GCC_C_LANGUAGE_STANDARD = gnu11;
				GCC_NO_COMMON_BLOCKS = YES;
				GCC_WARN_64_TO_32_BIT_CONVERSION = YES;
				GCC_WARN_ABOUT_RETURN_TYPE = YES_ERROR;
				GCC_WARN_UNDECLARED_SELECTOR = YES;
				GCC_WARN_UNINITIALIZED_AUTOS = YES_AGGRESSIVE;
				GCC_WARN_UNUSED_FUNCTION = YES;
				GCC_WARN_UNUSED_VARIABLE = YES;
				IPHONEOS_DEPLOYMENT_TARGET = 11.0;
				MTL_ENABLE_DEBUG_INFO = NO;
				MTL_FAST_MATH = YES;
				SDKROOT = iphoneos;
				SWIFT_COMPILATION_MODE = wholemodule;
				SWIFT_OPTIMIZATION_LEVEL = "-O";
				VALIDATE_PRODUCT = YES;
			};
			name = Release;
		};
		F955D09124B701F600CD8031 /* Debug */ = {
			isa = XCBuildConfiguration;
			baseConfigurationReference = 53666B9B1B0AA271F7E98BD8 /* Pods-News.debug.xcconfig */;
			buildSettings = {
				ASSETCATALOG_COMPILER_APPICON_NAME = AppIcon;
				CODE_SIGN_STYLE = Automatic;
				DEVELOPMENT_TEAM = "";
				INFOPLIST_FILE = News/Info.plist;
				LD_RUNPATH_SEARCH_PATHS = (
					"$(inherited)",
					"@executable_path/Frameworks",
				);
				PRODUCT_BUNDLE_IDENTIFIER = com.ViachaslauHolikau.News;
				PRODUCT_NAME = "$(TARGET_NAME)";
				SWIFT_VERSION = 5.0;
				TARGETED_DEVICE_FAMILY = 1;
			};
			name = Debug;
		};
		F955D09224B701F600CD8031 /* Release */ = {
			isa = XCBuildConfiguration;
			baseConfigurationReference = 355850770AD0D1FBA7B60B06 /* Pods-News.release.xcconfig */;
			buildSettings = {
				ASSETCATALOG_COMPILER_APPICON_NAME = AppIcon;
				CODE_SIGN_STYLE = Automatic;
				DEVELOPMENT_TEAM = "";
				INFOPLIST_FILE = News/Info.plist;
				LD_RUNPATH_SEARCH_PATHS = (
					"$(inherited)",
					"@executable_path/Frameworks",
				);
				PRODUCT_BUNDLE_IDENTIFIER = com.ViachaslauHolikau.News;
				PRODUCT_NAME = "$(TARGET_NAME)";
				SWIFT_VERSION = 5.0;
				TARGETED_DEVICE_FAMILY = 1;
			};
			name = Release;
		};
/* End XCBuildConfiguration section */

/* Begin XCConfigurationList section */
		F955D07724B701F500CD8031 /* Build configuration list for PBXProject "News" */ = {
			isa = XCConfigurationList;
			buildConfigurations = (
				F955D08E24B701F600CD8031 /* Debug */,
				F955D08F24B701F600CD8031 /* Release */,
			);
			defaultConfigurationIsVisible = 0;
			defaultConfigurationName = Release;
		};
		F955D09024B701F600CD8031 /* Build configuration list for PBXNativeTarget "News" */ = {
			isa = XCConfigurationList;
			buildConfigurations = (
				F955D09124B701F600CD8031 /* Debug */,
				F955D09224B701F600CD8031 /* Release */,
			);
			defaultConfigurationIsVisible = 0;
			defaultConfigurationName = Release;
		};
/* End XCConfigurationList section */
	};
	rootObject = F955D07424B701F500CD8031 /* Project object */;
}
